
Microsoft Visual Studio Solution File, Format Version 12.00
# Visual Studio Version 16
VisualStudioVersion = 16.0.31729.503
MinimumVisualStudioVersion = 10.0.40219.1
Project("{FAE04EC0-301F-11D3-BF4B-00C04F79EFBC}") = "TelegBot", "TelegBot\TelegBot.csproj", "{0E8EDE1B-986A-4228-A818-05E6D5F15BF6}"
EndProject
Global
	GlobalSection(SolutionConfigurationPlatforms) = preSolution
		Debug|Any CPU = Debug|Any CPU
		Release|Any CPU = Release|Any CPU
	EndGlobalSection
	GlobalSection(ProjectConfigurationPlatforms) = postSolution
		{0E8EDE1B-986A-4228-A818-05E6D5F15BF6}.Debug|Any CPU.ActiveCfg = Debug|Any CPU
		{0E8EDE1B-986A-4228-A818-05E6D5F15BF6}.Debug|Any CPU.Build.0 = Debug|Any CPU
		{0E8EDE1B-986A-4228-A818-05E6D5F15BF6}.Release|Any CPU.ActiveCfg = Release|Any CPU
		{0E8EDE1B-986A-4228-A818-05E6D5F15BF6}.Release|Any CPU.Build.0 = Release|Any CPU
	EndGlobalSection
	GlobalSection(SolutionProperties) = preSolution
		HideSolutionNode = FALSE
	EndGlobalSection
	GlobalSection(ExtensibilityGlobals) = postSolution
		SolutionGuid = {4FA916CE-F1DA-4ABA-A016-6C6E7B4CDC47}
	EndGlobalSection
EndGlobal
